
Microsoft Visual Studio Solution File, Format Version 12.00
# Visual Studio 15
VisualStudioVersion = 15.0.28307.1145
MinimumVisualStudioVersion = 10.0.40219.1
Project("{FAE04EC0-301F-11D3-BF4B-00C04F79EFBC}") = "ProducerConsumer", "ProducerConsumer.csproj", "{E005DB0C-D718-4A63-855E-79DDB9190225}"
EndProject
Global
	GlobalSection(SolutionConfigurationPlatforms) = preSolution
		Debug|Any CPU = Debug|Any CPU
		Release|Any CPU = Release|Any CPU
	EndGlobalSection
	GlobalSection(ProjectConfigurationPlatforms) = postSolution
		{E005DB0C-D718-4A63-855E-79DDB9190225}.Debug|Any CPU.ActiveCfg = Debug|Any CPU
		{E005DB0C-D718-4A63-855E-79DDB9190225}.Debug|Any CPU.Build.0 = Debug|Any CPU
		{E005DB0C-D718-4A63-855E-79DDB9190225}.Release|Any CPU.ActiveCfg = Release|Any CPU
		{E005DB0C-D718-4A63-855E-79DDB9190225}.Release|Any CPU.Build.0 = Release|Any CPU
	EndGlobalSection
	GlobalSection(SolutionProperties) = preSolution
		HideSolutionNode = FALSE
	EndGlobalSection
	GlobalSection(ExtensibilityGlobals) = postSolution
		SolutionGuid = {2EB499FF-0FF9-4F02-A19D-36C3D45A44CF}
	EndGlobalSection
EndGlobal
